
Microsoft Visual Studio Solution File, Format Version 12.00
# Visual Studio 15
VisualStudioVersion = 15.0.28307.960
MinimumVisualStudioVersion = 10.0.40219.1
Project("{FAE04EC0-301F-11D3-BF4B-00C04F79EFBC}") = "UiDesign", "UiDesign\UiDesign.csproj", "{08666E7B-190C-4B61-80F6-DAC37B939E2A}"
EndProject
Global
	GlobalSection(SolutionConfigurationPlatforms) = preSolution
		Debug|Any CPU = Debug|Any CPU
		Release|Any CPU = Release|Any CPU
	EndGlobalSection
	GlobalSection(ProjectConfigurationPlatforms) = postSolution
		{08666E7B-190C-4B61-80F6-DAC37B939E2A}.Debug|Any CPU.ActiveCfg = Debug|Any CPU
		{08666E7B-190C-4B61-80F6-DAC37B939E2A}.Debug|Any CPU.Build.0 = Debug|Any CPU
		{08666E7B-190C-4B61-80F6-DAC37B939E2A}.Release|Any CPU.ActiveCfg = Release|Any CPU
		{08666E7B-190C-4B61-80F6-DAC37B939E2A}.Release|Any CPU.Build.0 = Release|Any CPU
	EndGlobalSection
	GlobalSection(SolutionProperties) = preSolution
		HideSolutionNode = FALSE
	EndGlobalSection
	GlobalSection(ExtensibilityGlobals) = postSolution
		SolutionGuid = {1672EF50-1199-4499-B723-3C3365B9C834}
	EndGlobalSection
EndGlobal
