
Microsoft Visual Studio Solution File, Format Version 12.00
# Visual Studio 15
VisualStudioVersion = 15.0.28307.572
MinimumVisualStudioVersion = 10.0.40219.1
Project("{FAE04EC0-301F-11D3-BF4B-00C04F79EFBC}") = "UIDesign", "UIDesign\UIDesign.csproj", "{D23656D5-63B0-4CBF-A677-BE06413BDD7D}"
EndProject
Global
	GlobalSection(SolutionConfigurationPlatforms) = preSolution
		Debug|Any CPU = Debug|Any CPU
		Release|Any CPU = Release|Any CPU
	EndGlobalSection
	GlobalSection(ProjectConfigurationPlatforms) = postSolution
		{D23656D5-63B0-4CBF-A677-BE06413BDD7D}.Debug|Any CPU.ActiveCfg = Debug|Any CPU
		{D23656D5-63B0-4CBF-A677-BE06413BDD7D}.Debug|Any CPU.Build.0 = Debug|Any CPU
		{D23656D5-63B0-4CBF-A677-BE06413BDD7D}.Release|Any CPU.ActiveCfg = Release|Any CPU
		{D23656D5-63B0-4CBF-A677-BE06413BDD7D}.Release|Any CPU.Build.0 = Release|Any CPU
	EndGlobalSection
	GlobalSection(SolutionProperties) = preSolution
		HideSolutionNode = FALSE
	EndGlobalSection
	GlobalSection(ExtensibilityGlobals) = postSolution
		SolutionGuid = {550D3232-61E9-4BBE-891D-A0DEC9E45C8D}
	EndGlobalSection
EndGlobal
