
Microsoft Visual Studio Solution File, Format Version 12.00
# Visual Studio 15
VisualStudioVersion = 15.0.28307.572
MinimumVisualStudioVersion = 10.0.40219.1
Project("{FAE04EC0-301F-11D3-BF4B-00C04F79EFBC}") = "IndustrialMaterials", "IndustrialMaterials\IndustrialMaterials.csproj", "{3B36201D-B551-4C28-9922-EBF3F1821FBB}"
EndProject
Global
	GlobalSection(SolutionConfigurationPlatforms) = preSolution
		Debug|Any CPU = Debug|Any CPU
		Release|Any CPU = Release|Any CPU
	EndGlobalSection
	GlobalSection(ProjectConfigurationPlatforms) = postSolution
		{3B36201D-B551-4C28-9922-EBF3F1821FBB}.Debug|Any CPU.ActiveCfg = Debug|Any CPU
		{3B36201D-B551-4C28-9922-EBF3F1821FBB}.Debug|Any CPU.Build.0 = Debug|Any CPU
		{3B36201D-B551-4C28-9922-EBF3F1821FBB}.Release|Any CPU.ActiveCfg = Release|Any CPU
		{3B36201D-B551-4C28-9922-EBF3F1821FBB}.Release|Any CPU.Build.0 = Release|Any CPU
	EndGlobalSection
	GlobalSection(SolutionProperties) = preSolution
		HideSolutionNode = FALSE
	EndGlobalSection
	GlobalSection(ExtensibilityGlobals) = postSolution
		SolutionGuid = {CB1E0557-9084-4539-8C06-4FDC33DDED0C}
	EndGlobalSection
EndGlobal
