
Microsoft Visual Studio Solution File, Format Version 12.00
# Visual Studio 15
VisualStudioVersion = 15.0.28307.572
MinimumVisualStudioVersion = 10.0.40219.1
Project("{FAE04EC0-301F-11D3-BF4B-00C04F79EFBC}") = "界面设计", "界面设计\界面设计.csproj", "{599D8090-F9BD-4554-9431-2DC52BC380AD}"
EndProject
Global
	GlobalSection(SolutionConfigurationPlatforms) = preSolution
		Debug|Any CPU = Debug|Any CPU
		Release|Any CPU = Release|Any CPU
	EndGlobalSection
	GlobalSection(ProjectConfigurationPlatforms) = postSolution
		{599D8090-F9BD-4554-9431-2DC52BC380AD}.Debug|Any CPU.ActiveCfg = Debug|Any CPU
		{599D8090-F9BD-4554-9431-2DC52BC380AD}.Debug|Any CPU.Build.0 = Debug|Any CPU
		{599D8090-F9BD-4554-9431-2DC52BC380AD}.Release|Any CPU.ActiveCfg = Release|Any CPU
		{599D8090-F9BD-4554-9431-2DC52BC380AD}.Release|Any CPU.Build.0 = Release|Any CPU
	EndGlobalSection
	GlobalSection(SolutionProperties) = preSolution
		HideSolutionNode = FALSE
	EndGlobalSection
	GlobalSection(ExtensibilityGlobals) = postSolution
		SolutionGuid = {5603BEC4-00D0-4A94-90DE-D8E26ADD5F82}
	EndGlobalSection
EndGlobal
