
Microsoft Visual Studio Solution File, Format Version 12.00
# Visual Studio 15
VisualStudioVersion = 15.0.28307.572
MinimumVisualStudioVersion = 10.0.40219.1
Project("{FAE04EC0-301F-11D3-BF4B-00C04F79EFBC}") = "网易云界面", "网易云界面\网易云界面.csproj", "{8DE43A42-C883-48AD-9F6D-9C2C3C25EAC8}"
EndProject
Global
	GlobalSection(SolutionConfigurationPlatforms) = preSolution
		Debug|Any CPU = Debug|Any CPU
		Release|Any CPU = Release|Any CPU
	EndGlobalSection
	GlobalSection(ProjectConfigurationPlatforms) = postSolution
		{8DE43A42-C883-48AD-9F6D-9C2C3C25EAC8}.Debug|Any CPU.ActiveCfg = Debug|Any CPU
		{8DE43A42-C883-48AD-9F6D-9C2C3C25EAC8}.Debug|Any CPU.Build.0 = Debug|Any CPU
		{8DE43A42-C883-48AD-9F6D-9C2C3C25EAC8}.Release|Any CPU.ActiveCfg = Release|Any CPU
		{8DE43A42-C883-48AD-9F6D-9C2C3C25EAC8}.Release|Any CPU.Build.0 = Release|Any CPU
	EndGlobalSection
	GlobalSection(SolutionProperties) = preSolution
		HideSolutionNode = FALSE
	EndGlobalSection
	GlobalSection(ExtensibilityGlobals) = postSolution
		SolutionGuid = {7FFB0EFE-A7B0-414F-9FB9-A89515787C4C}
	EndGlobalSection
EndGlobal
